
Microsoft Visual Studio Solution File, Format Version 12.00
# Visual Studio Version 16
VisualStudioVersion = 16.0.30523.141
MinimumVisualStudioVersion = 10.0.40219.1
Project("{2150E333-8FDC-42A3-9474-1A3956D46DE8}") = "Infrastructure", "Infrastructure", "{73A69273-0970-4ADF-ADF3-7210C52A55B4}"
EndProject
Project("{9A19103F-16F7-4668-BE54-9A1E7A4F7556}") = "ProjectManager.Infrastructure", "src\ProjectManager.Infrastructure\ProjectManager.Infrastructure.csproj", "{C2E6705A-B348-4CA0-95DD-26CE283F5F49}"
EndProject
Project("{2150E333-8FDC-42A3-9474-1A3956D46DE8}") = "Core", "Core", "{27BED4FA-C5E0-4CB3-A6C1-3D74659233B1}"
EndProject
Project("{9A19103F-16F7-4668-BE54-9A1E7A4F7556}") = "ProjectManager.Core", "src\ProjectManager.Core\ProjectManager.Core.csproj", "{812DB8CF-34C2-49CB-B86A-3089A442DFC7}"
EndProject
Project("{9A19103F-16F7-4668-BE54-9A1E7A4F7556}") = "ProjectManager.API", "src\ProjectManager.API\ProjectManager.API.csproj", "{9084B3E6-D613-481E-BEE9-CE4215AD287A}"
EndProject
Global
	GlobalSection(SolutionConfigurationPlatforms) = preSolution
		Debug|Any CPU = Debug|Any CPU
		Release|Any CPU = Release|Any CPU
	EndGlobalSection
	GlobalSection(ProjectConfigurationPlatforms) = postSolution
		{C2E6705A-B348-4CA0-95DD-26CE283F5F49}.Debug|Any CPU.ActiveCfg = Debug|Any CPU
		{C2E6705A-B348-4CA0-95DD-26CE283F5F49}.Debug|Any CPU.Build.0 = Debug|Any CPU
		{C2E6705A-B348-4CA0-95DD-26CE283F5F49}.Release|Any CPU.ActiveCfg = Release|Any CPU
		{C2E6705A-B348-4CA0-95DD-26CE283F5F49}.Release|Any CPU.Build.0 = Release|Any CPU
		{812DB8CF-34C2-49CB-B86A-3089A442DFC7}.Debug|Any CPU.ActiveCfg = Debug|Any CPU
		{812DB8CF-34C2-49CB-B86A-3089A442DFC7}.Debug|Any CPU.Build.0 = Debug|Any CPU
		{812DB8CF-34C2-49CB-B86A-3089A442DFC7}.Release|Any CPU.ActiveCfg = Release|Any CPU
		{812DB8CF-34C2-49CB-B86A-3089A442DFC7}.Release|Any CPU.Build.0 = Release|Any CPU
		{9084B3E6-D613-481E-BEE9-CE4215AD287A}.Debug|Any CPU.ActiveCfg = Debug|Any CPU
		{9084B3E6-D613-481E-BEE9-CE4215AD287A}.Debug|Any CPU.Build.0 = Debug|Any CPU
		{9084B3E6-D613-481E-BEE9-CE4215AD287A}.Release|Any CPU.ActiveCfg = Release|Any CPU
		{9084B3E6-D613-481E-BEE9-CE4215AD287A}.Release|Any CPU.Build.0 = Release|Any CPU
	EndGlobalSection
	GlobalSection(SolutionProperties) = preSolution
		HideSolutionNode = FALSE
	EndGlobalSection
	GlobalSection(NestedProjects) = preSolution
		{C2E6705A-B348-4CA0-95DD-26CE283F5F49} = {73A69273-0970-4ADF-ADF3-7210C52A55B4}
		{812DB8CF-34C2-49CB-B86A-3089A442DFC7} = {27BED4FA-C5E0-4CB3-A6C1-3D74659233B1}
	EndGlobalSection
	GlobalSection(ExtensibilityGlobals) = postSolution
		SolutionGuid = {1F80C3F7-C307-4503-83EF-92A3677AA0F2}
	EndGlobalSection
EndGlobal
